
Microsoft Visual Studio Solution File, Format Version 12.00
# Visual Studio Version 17
VisualStudioVersion = 17.1.32328.378
MinimumVisualStudioVersion = 10.0.40219.1
Project("{FAE04EC0-301F-11D3-BF4B-00C04F79EFBC}") = "D1094181017", "D1094181017\D1094181017.csproj", "{CE21223B-FE32-49EC-B5B2-F5C2CF90858E}"
EndProject
Global
	GlobalSection(SolutionConfigurationPlatforms) = preSolution
		Debug|Any CPU = Debug|Any CPU
		Release|Any CPU = Release|Any CPU
	EndGlobalSection
	GlobalSection(ProjectConfigurationPlatforms) = postSolution
		{CE21223B-FE32-49EC-B5B2-F5C2CF90858E}.Debug|Any CPU.ActiveCfg = Debug|Any CPU
		{CE21223B-FE32-49EC-B5B2-F5C2CF90858E}.Debug|Any CPU.Build.0 = Debug|Any CPU
		{CE21223B-FE32-49EC-B5B2-F5C2CF90858E}.Release|Any CPU.ActiveCfg = Release|Any CPU
		{CE21223B-FE32-49EC-B5B2-F5C2CF90858E}.Release|Any CPU.Build.0 = Release|Any CPU
	EndGlobalSection
	GlobalSection(SolutionProperties) = preSolution
		HideSolutionNode = FALSE
	EndGlobalSection
	GlobalSection(ExtensibilityGlobals) = postSolution
		SolutionGuid = {0E1EED3F-6729-4508-9B8D-C6777929744B}
	EndGlobalSection
EndGlobal
